
Microsoft Visual Studio Solution File, Format Version 12.00
Project("{FAE04EC0-301F-11D3-BF4B-00C04F79EFBC}") = "HackathonAug2023", "HackathonAug2023\HackathonAug2023.csproj", "{DFB35536-B777-44F6-AB4B-BA954BEDC414}"
EndProject
Global
	GlobalSection(SolutionConfigurationPlatforms) = preSolution
		Debug|Any CPU = Debug|Any CPU
		Release|Any CPU = Release|Any CPU
	EndGlobalSection
	GlobalSection(ProjectConfigurationPlatforms) = postSolution
		{DFB35536-B777-44F6-AB4B-BA954BEDC414}.Debug|Any CPU.ActiveCfg = Debug|Any CPU
		{DFB35536-B777-44F6-AB4B-BA954BEDC414}.Debug|Any CPU.Build.0 = Debug|Any CPU
		{DFB35536-B777-44F6-AB4B-BA954BEDC414}.Release|Any CPU.ActiveCfg = Release|Any CPU
		{DFB35536-B777-44F6-AB4B-BA954BEDC414}.Release|Any CPU.Build.0 = Release|Any CPU
	EndGlobalSection
EndGlobal
